
Microsoft Visual Studio Solution File, Format Version 12.00
# Visual Studio Version 17
VisualStudioVersion = 17.13.35825.156 d17.13
MinimumVisualStudioVersion = 10.0.40219.1
Project("{FAE04EC0-301F-11D3-BF4B-00C04F79EFBC}") = "OOP", "insertNewProducts\OOP.csproj", "{3A260AA3-0038-48D4-8455-5D25084DDA98}"
EndProject
Global
	GlobalSection(SolutionConfigurationPlatforms) = preSolution
		Debug|Any CPU = Debug|Any CPU
		Release|Any CPU = Release|Any CPU
	EndGlobalSection
	GlobalSection(ProjectConfigurationPlatforms) = postSolution
		{3A260AA3-0038-48D4-8455-5D25084DDA98}.Debug|Any CPU.ActiveCfg = Debug|Any CPU
		{3A260AA3-0038-48D4-8455-5D25084DDA98}.Debug|Any CPU.Build.0 = Debug|Any CPU
		{3A260AA3-0038-48D4-8455-5D25084DDA98}.Release|Any CPU.ActiveCfg = Release|Any CPU
		{3A260AA3-0038-48D4-8455-5D25084DDA98}.Release|Any CPU.Build.0 = Release|Any CPU
	EndGlobalSection
	GlobalSection(SolutionProperties) = preSolution
		HideSolutionNode = FALSE
	EndGlobalSection
	GlobalSection(ExtensibilityGlobals) = postSolution
		SolutionGuid = {A338BD22-1B6A-4B82-8FA1-CB3F928529E8}
	EndGlobalSection
EndGlobal
